// !$*UTF8*$!
{
	archiveVersion = 1;
	classes = {
	};
	objectVersion = 39;
	objects = {
		080E96DDFE201D6D7F000001 = {
			children = (
			);
			isa = PBXGroup;
			name = Classes;
			refType = 4;
			sourceTree = "<group>";
		};
		089C165CFE840E0CC02AAC07 = {
			children = (
				089C165DFE840E0CC02AAC07,
			);
			isa = PBXVariantGroup;
			name = InfoPlist.strings;
			refType = 4;
			sourceTree = "<group>";
		};
		089C165DFE840E0CC02AAC07 = {
			fileEncoding = 10;
			isa = PBXFileReference;
			lastKnownFileType = text.plist.strings;
			name = English;
			path = English.lproj/InfoPlist.strings;
			refType = 4;
			sourceTree = "<group>";
		};
//080
//081
//082
//083
//084
//100
//101
//102
//103
//104
		1058C7A0FEA54F0111CA2CBB = {
			children = (
				1058C7A1FEA54F0111CA2CBB,
				4137798906629E180043A271,
				410337CD066320B7001554C7,
			);
			isa = PBXGroup;
			name = "Linked Frameworks";
			refType = 4;
			sourceTree = "<group>";
		};
		1058C7A1FEA54F0111CA2CBB = {
			fallbackIsa = PBXFileReference;
			isa = PBXFrameworkReference;
			lastKnownFileType = wrapper.framework;
			name = Cocoa.framework;
			path = /System/Library/Frameworks/Cocoa.framework;
			refType = 0;
			sourceTree = "<absolute>";
		};
		1058C7A2FEA54F0111CA2CBB = {
			children = (
				29B97325FDCFA39411CA2CEA,
				29B97324FDCFA39411CA2CEA,
			);
			isa = PBXGroup;
			name = "Other Frameworks";
			refType = 4;
			sourceTree = "<group>";
		};
//100
//101
//102
//103
//104
//190
//191
//192
//193
//194
		19C28FACFE9D520D11CA2CBB = {
			children = (
				8D1107320486CEB800E47090,
			);
			isa = PBXGroup;
			name = Products;
			refType = 4;
			sourceTree = "<group>";
		};
//190
//191
//192
//193
//194
//290
//291
//292
//293
//294
		29B97313FDCFA39411CA2CEA = {
			buildSettings = {
			};
			buildStyles = (
				4A9504CCFFE6A4B311CA0CBA,
				4A9504CDFFE6A4B311CA0CBA,
			);
			hasScannedForEncodings = 1;
			isa = PBXProject;
			mainGroup = 29B97314FDCFA39411CA2CEA;
			projectDirPath = "";
			targets = (
				8D1107260486CEB800E47090,
			);
		};
		29B97314FDCFA39411CA2CEA = {
			children = (
				080E96DDFE201D6D7F000001,
				29B97315FDCFA39411CA2CEA,
				29B97317FDCFA39411CA2CEA,
				29B97323FDCFA39411CA2CEA,
				19C28FACFE9D520D11CA2CBB,
			);
			isa = PBXGroup;
			name = DjVuFilter;
			path = "";
			refType = 4;
			sourceTree = "<group>";
		};
		29B97315FDCFA39411CA2CEA = {
			children = (
				32CA4F630368D1EE00C91783,
				29B97316FDCFA39411CA2CEA,
				4137799D06629ED20043A271,
				413779A506629FCE0043A271,
				41023BB20664D1E50033B865,
			);
			isa = PBXGroup;
			name = "Other Sources";
			path = "";
			refType = 4;
			sourceTree = "<group>";
		};
		29B97316FDCFA39411CA2CEA = {
			fileEncoding = 30;
			isa = PBXFileReference;
			lastKnownFileType = sourcecode.c.objc;
			path = main.m;
			refType = 4;
			sourceTree = "<group>";
		};
		29B97317FDCFA39411CA2CEA = {
			children = (
				41D1D7AD0665BF1400E12DF4,
				412EE4890664010200765205,
				410337CF066324B1001554C7,
				8D1107310486CEB800E47090,
				089C165CFE840E0CC02AAC07,
			);
			isa = PBXGroup;
			name = Resources;
			path = "";
			refType = 4;
			sourceTree = "<group>";
		};
		29B97323FDCFA39411CA2CEA = {
			children = (
				1058C7A0FEA54F0111CA2CBB,
				1058C7A2FEA54F0111CA2CBB,
			);
			isa = PBXGroup;
			name = Frameworks;
			path = "";
			refType = 4;
			sourceTree = "<group>";
		};
		29B97324FDCFA39411CA2CEA = {
			fallbackIsa = PBXFileReference;
			isa = PBXFrameworkReference;
			lastKnownFileType = wrapper.framework;
			name = AppKit.framework;
			path = /System/Library/Frameworks/AppKit.framework;
			refType = 0;
			sourceTree = "<absolute>";
		};
		29B97325FDCFA39411CA2CEA = {
			fallbackIsa = PBXFileReference;
			isa = PBXFrameworkReference;
			lastKnownFileType = wrapper.framework;
			name = Foundation.framework;
			path = /System/Library/Frameworks/Foundation.framework;
			refType = 0;
			sourceTree = "<absolute>";
		};
//290
//291
//292
//293
//294
//320
//321
//322
//323
//324
		32CA4F630368D1EE00C91783 = {
			fileEncoding = 4;
			isa = PBXFileReference;
			lastKnownFileType = sourcecode.c.h;
			path = DjVuFilter_Prefix.pch;
			refType = 4;
			sourceTree = "<group>";
		};
//320
//321
//322
//323
//324
//410
//411
//412
//413
//414
		41023BB20664D1E50033B865 = {
			fileEncoding = 4;
			isa = PBXFileReference;
			lastKnownFileType = sourcecode.c.objc;
			path = djvuToTiff.m;
			refType = 4;
			sourceTree = "<group>";
		};
		41023BB30664D1E50033B865 = {
			fileRef = 41023BB20664D1E50033B865;
			isa = PBXBuildFile;
			settings = {
			};
		};
		410337CD066320B7001554C7 = {
			isa = PBXFileReference;
			lastKnownFileType = archive.ar;
			name = libjpeg.a;
			path = /usr/local/lib/libjpeg.a;
			refType = 0;
			sourceTree = "<absolute>";
		};
		410337CE066320B7001554C7 = {
			fileRef = 410337CD066320B7001554C7;
			isa = PBXBuildFile;
			settings = {
			};
		};
		410337CF066324B1001554C7 = {
			isa = PBXFileReference;
			lastKnownFileType = image.icns;
			path = DjVu.icns;
			refType = 4;
			sourceTree = "<group>";
		};
		410337D0066324B2001554C7 = {
			fileRef = 410337CF066324B1001554C7;
			isa = PBXBuildFile;
			settings = {
			};
		};
		412EE4890664010200765205 = {
			children = (
				412EE48A0664010200765205,
			);
			isa = PBXVariantGroup;
			name = Localizable.strings;
			path = "";
			refType = 4;
			sourceTree = "<group>";
		};
		412EE48A0664010200765205 = {
			fileEncoding = 30;
			isa = PBXFileReference;
			lastKnownFileType = text.plist.strings;
			name = English;
			path = English.lproj/Localizable.strings;
			refType = 4;
			sourceTree = "<group>";
		};
		412EE48B0664010200765205 = {
			fileRef = 412EE4890664010200765205;
			isa = PBXBuildFile;
			settings = {
			};
		};
		4137798906629E180043A271 = {
			isa = PBXFileReference;
			lastKnownFileType = archive.ar;
			name = libdjvulibre.a;
			path = ../../libdjvu/libdjvulibre.a;
			refType = 2;
			sourceTree = SOURCE_ROOT;
		};
		4137798A06629E180043A271 = {
			fileRef = 4137798906629E180043A271;
			isa = PBXBuildFile;
			settings = {
			};
		};
		4137799D06629ED20043A271 = {
			fileEncoding = 4;
			isa = PBXFileReference;
			lastKnownFileType = sourcecode.cpp.cpp;
			path = bitmapImageRepFromDjVu.cpp;
			refType = 4;
			sourceTree = "<group>";
		};
		4137799E06629ED20043A271 = {
			fileRef = 4137799D06629ED20043A271;
			isa = PBXBuildFile;
			settings = {
			};
		};
		413779A506629FCE0043A271 = {
			children = (
				413779BF0662A7190043A271,
				413779BD0662A5870043A271,
				413779BA0662A2870043A271,
				413779B80662A1040043A271,
				413779AB0662A06B0043A271,
				413779AC0662A06B0043A271,
				413779AD0662A06B0043A271,
				413779AE0662A06B0043A271,
				413779AF0662A06B0043A271,
				413779B00662A06B0043A271,
				413779A60662A0170043A271,
				413779A70662A0170043A271,
			);
			isa = PBXGroup;
			name = "DjVuLibre Headers";
			path = "";
			refType = 2;
			sourceTree = SOURCE_ROOT;
		};
		413779A60662A0170043A271 = {
			fileEncoding = 30;
			isa = PBXFileReference;
			lastKnownFileType = sourcecode.c.h;
			name = GException.h;
			path = ../../libdjvu/GException.h;
			refType = 2;
			sourceTree = SOURCE_ROOT;
		};
		413779A70662A0170043A271 = {
			fileEncoding = 30;
			isa = PBXFileReference;
			lastKnownFileType = sourcecode.c.h;
			name = GSmartPointer.h;
			path = ../../libdjvu/GSmartPointer.h;
			refType = 2;
			sourceTree = SOURCE_ROOT;
		};
		413779A80662A0170043A271 = {
			fileRef = 413779A60662A0170043A271;
			isa = PBXBuildFile;
			settings = {
			};
		};
		413779A90662A0170043A271 = {
			fileRef = 413779A70662A0170043A271;
			isa = PBXBuildFile;
			settings = {
			};
		};
		413779AB0662A06B0043A271 = {
			fileEncoding = 30;
			isa = PBXFileReference;
			lastKnownFileType = sourcecode.c.h;
			name = DjVuDocument.h;
			path = ../../libdjvu/DjVuDocument.h;
			refType = 2;
			sourceTree = SOURCE_ROOT;
		};
		413779AC0662A06B0043A271 = {
			fileEncoding = 30;
			isa = PBXFileReference;
			lastKnownFileType = sourcecode.c.h;
			name = DjVuImage.h;
			path = ../../libdjvu/DjVuImage.h;
			refType = 2;
			sourceTree = SOURCE_ROOT;
		};
		413779AD0662A06B0043A271 = {
			fileEncoding = 30;
			isa = PBXFileReference;
			lastKnownFileType = sourcecode.c.h;
			name = GBitmap.h;
			path = ../../libdjvu/GBitmap.h;
			refType = 2;
			sourceTree = SOURCE_ROOT;
		};
		413779AE0662A06B0043A271 = {
			fileEncoding = 30;
			isa = PBXFileReference;
			lastKnownFileType = sourcecode.c.h;
			name = GOS.h;
			path = ../../libdjvu/GOS.h;
			refType = 2;
			sourceTree = SOURCE_ROOT;
		};
		413779AF0662A06B0043A271 = {
			fileEncoding = 30;
			isa = PBXFileReference;
			lastKnownFileType = sourcecode.c.h;
			name = GPixmap.h;
			path = ../../libdjvu/GPixmap.h;
			refType = 2;
			sourceTree = SOURCE_ROOT;
		};
		413779B00662A06B0043A271 = {
			fileEncoding = 30;
			isa = PBXFileReference;
			lastKnownFileType = sourcecode.c.h;
			name = GRect.h;
			path = ../../libdjvu/GRect.h;
			refType = 2;
			sourceTree = SOURCE_ROOT;
		};
		413779B20662A06B0043A271 = {
			fileRef = 413779AB0662A06B0043A271;
			isa = PBXBuildFile;
			settings = {
			};
		};
		413779B30662A06B0043A271 = {
			fileRef = 413779AC0662A06B0043A271;
			isa = PBXBuildFile;
			settings = {
			};
		};
		413779B40662A06B0043A271 = {
			fileRef = 413779AD0662A06B0043A271;
			isa = PBXBuildFile;
			settings = {
			};
		};
		413779B50662A06B0043A271 = {
			fileRef = 413779AE0662A06B0043A271;
			isa = PBXBuildFile;
			settings = {
			};
		};
		413779B60662A06B0043A271 = {
			fileRef = 413779AF0662A06B0043A271;
			isa = PBXBuildFile;
			settings = {
			};
		};
		413779B70662A06B0043A271 = {
			fileRef = 413779B00662A06B0043A271;
			isa = PBXBuildFile;
			settings = {
			};
		};
		413779B80662A1040043A271 = {
			fileEncoding = 30;
			isa = PBXFileReference;
			lastKnownFileType = sourcecode.c.h;
			name = ByteStream.h;
			path = ../../libdjvu/ByteStream.h;
			refType = 2;
			sourceTree = SOURCE_ROOT;
		};
		413779B90662A1040043A271 = {
			fileRef = 413779B80662A1040043A271;
			isa = PBXBuildFile;
			settings = {
			};
		};
		413779BA0662A2870043A271 = {
			fileEncoding = 30;
			isa = PBXFileReference;
			lastKnownFileType = sourcecode.c.h;
			name = GURL.h;
			path = ../../libdjvu/GURL.h;
			refType = 2;
			sourceTree = SOURCE_ROOT;
		};
		413779BB0662A2870043A271 = {
			fileRef = 413779BA0662A2870043A271;
			isa = PBXBuildFile;
			settings = {
			};
		};
		413779BD0662A5870043A271 = {
			fileEncoding = 30;
			isa = PBXFileReference;
			lastKnownFileType = sourcecode.c.h;
			name = GString.h;
			path = ../../libdjvu/GString.h;
			refType = 2;
			sourceTree = SOURCE_ROOT;
		};
		413779BE0662A5870043A271 = {
			fileRef = 413779BD0662A5870043A271;
			isa = PBXBuildFile;
			settings = {
			};
		};
		413779BF0662A7190043A271 = {
			fileEncoding = 30;
			isa = PBXFileReference;
			lastKnownFileType = sourcecode.c.h;
			name = config.h;
			path = ../../config.h;
			refType = 2;
			sourceTree = SOURCE_ROOT;
		};
		413779C00662A7190043A271 = {
			fileRef = 413779BF0662A7190043A271;
			isa = PBXBuildFile;
			settings = {
			};
		};
		41D1D7AD0665BF1400E12DF4 = {
			children = (
				41D1D7B00665BF6600E12DF4,
			);
			isa = PBXGroup;
			name = Documentation;
			refType = 4;
			sourceTree = "<group>";
		};
		41D1D7AE0665BF3A00E12DF4 = {
			fileEncoding = 30;
			isa = PBXFileReference;
			lastKnownFileType = text.html;
			name = English;
			path = "English.lproj/DjVuFilter-README.html";
			refType = 4;
			sourceTree = "<group>";
		};
		41D1D7B00665BF6600E12DF4 = {
			children = (
				41D1D7AE0665BF3A00E12DF4,
			);
			isa = PBXVariantGroup;
			name = "DjVuFilter-README.html";
			refType = 4;
			sourceTree = "<group>";
		};
		41D1D7B10665BF6600E12DF4 = {
			fileRef = 41D1D7B00665BF6600E12DF4;
			isa = PBXBuildFile;
			settings = {
			};
		};
//410
//411
//412
//413
//414
//4A0
//4A1
//4A2
//4A3
//4A4
		4A9504CCFFE6A4B311CA0CBA = {
			buildRules = (
			);
			buildSettings = {
				COPY_PHASE_STRIP = NO;
				DEBUGGING_SYMBOLS = YES;
				DYLIB_CURRENT_VERSION = 1.1;
				GCC_DYNAMIC_NO_PIC = NO;
				GCC_ENABLE_FIX_AND_CONTINUE = YES;
				GCC_GENERATE_DEBUGGING_SYMBOLS = YES;
				GCC_OPTIMIZATION_LEVEL = 0;
				OPTIMIZATION_CFLAGS = "-O0";
				VERSIONING_SYSTEM = "";
				ZERO_LINK = YES;
			};
			isa = PBXBuildStyle;
			name = Development;
		};
		4A9504CDFFE6A4B311CA0CBA = {
			buildRules = (
			);
			buildSettings = {
				COPY_PHASE_STRIP = YES;
				DEPLOYMENT_LOCATION = YES;
				DEPLOYMENT_POSTPROCESSING = YES;
				GCC_ENABLE_FIX_AND_CONTINUE = NO;
				GCC_GENERATE_DEBUGGING_SYMBOLS = NO;
				INSTALL_MODE_FLAG = "g-w,a+rX";
				INSTALL_PATH = "";
				ZERO_LINK = NO;
			};
			isa = PBXBuildStyle;
			name = Deployment;
		};
//4A0
//4A1
//4A2
//4A3
//4A4
//8D0
//8D1
//8D2
//8D3
//8D4
		8D1107260486CEB800E47090 = {
			buildPhases = (
				8D1107270486CEB800E47090,
				8D1107290486CEB800E47090,
				8D11072C0486CEB800E47090,
				8D11072E0486CEB800E47090,
			);
			buildRules = (
			);
			buildSettings = {
				FRAMEWORK_SEARCH_PATHS = "";
				GCC_ENABLE_TRIGRAPHS = NO;
				GCC_GENERATE_DEBUGGING_SYMBOLS = NO;
				GCC_PRECOMPILE_PREFIX_HEADER = YES;
				GCC_PREFIX_HEADER = DjVuFilter_Prefix.pch;
				GCC_WARN_ABOUT_MISSING_PROTOTYPES = NO;
				GCC_WARN_FOUR_CHARACTER_CONSTANTS = NO;
				GCC_WARN_UNKNOWN_PRAGMAS = NO;
				HEADER_SEARCH_PATHS = "";
				INFOPLIST_FILE = Info.plist;
				INSTALL_PATH = "$(HOME)/Library/Services";
				LIBRARY_SEARCH_PATHS = "../../libdjvu /usr/local/lib";
				OTHER_CFLAGS = "";
				OTHER_CPLUSPLUSFLAGS = "-DHAVE_CONFIG_H -DTHREADMODEL=POSIXTHREADS";
				OTHER_LDFLAGS = "";
				PRODUCT_NAME = DjVuFilter;
				SECTORDER_FLAGS = "";
				WARNING_CFLAGS = "-Wmost -Wno-four-char-constants -Wno-unknown-pragmas";
				WRAPPER_EXTENSION = service;
			};
			dependencies = (
			);
			isa = PBXNativeTarget;
			name = DjVuFilter;
			productInstallPath = "$(HOME)/Applications";
			productName = DjVuFilter;
			productReference = 8D1107320486CEB800E47090;
			productType = "com.apple.product-type.application";
		};
		8D1107270486CEB800E47090 = {
			buildActionMask = 2147483647;
			files = (
				8D1107280486CEB800E47090,
				413779A80662A0170043A271,
				413779A90662A0170043A271,
				413779B20662A06B0043A271,
				413779B30662A06B0043A271,
				413779B40662A06B0043A271,
				413779B50662A06B0043A271,
				413779B60662A06B0043A271,
				413779B70662A06B0043A271,
				413779B90662A1040043A271,
				413779BB0662A2870043A271,
				413779BE0662A5870043A271,
				413779C00662A7190043A271,
			);
			isa = PBXHeadersBuildPhase;
			runOnlyForDeploymentPostprocessing = 0;
		};
		8D1107280486CEB800E47090 = {
			fileRef = 32CA4F630368D1EE00C91783;
			isa = PBXBuildFile;
			settings = {
			};
		};
		8D1107290486CEB800E47090 = {
			buildActionMask = 2147483647;
			files = (
				8D11072B0486CEB800E47090,
				410337D0066324B2001554C7,
				412EE48B0664010200765205,
				41D1D7B10665BF6600E12DF4,
			);
			isa = PBXResourcesBuildPhase;
			runOnlyForDeploymentPostprocessing = 0;
		};
		8D11072B0486CEB800E47090 = {
			fileRef = 089C165CFE840E0CC02AAC07;
			isa = PBXBuildFile;
			settings = {
			};
		};
		8D11072C0486CEB800E47090 = {
			buildActionMask = 2147483647;
			files = (
				8D11072D0486CEB800E47090,
				4137799E06629ED20043A271,
				41023BB30664D1E50033B865,
			);
			isa = PBXSourcesBuildPhase;
			runOnlyForDeploymentPostprocessing = 0;
		};
		8D11072D0486CEB800E47090 = {
			fileRef = 29B97316FDCFA39411CA2CEA;
			isa = PBXBuildFile;
			settings = {
				ATTRIBUTES = (
				);
			};
		};
		8D11072E0486CEB800E47090 = {
			buildActionMask = 2147483647;
			files = (
				8D11072F0486CEB800E47090,
				4137798A06629E180043A271,
				410337CE066320B7001554C7,
			);
			isa = PBXFrameworksBuildPhase;
			runOnlyForDeploymentPostprocessing = 0;
		};
		8D11072F0486CEB800E47090 = {
			fileRef = 1058C7A1FEA54F0111CA2CBB;
			isa = PBXBuildFile;
			settings = {
			};
		};
		8D1107310486CEB800E47090 = {
			fileEncoding = 4;
			isa = PBXFileReference;
			lastKnownFileType = text.plist;
			path = Info.plist;
			refType = 4;
			sourceTree = "<group>";
		};
		8D1107320486CEB800E47090 = {
			explicitFileType = wrapper.application;
			includeInIndex = 0;
			isa = PBXFileReference;
			path = DjVuFilter.service;
			refType = 3;
			sourceTree = BUILT_PRODUCTS_DIR;
		};
	};
	rootObject = 29B97313FDCFA39411CA2CEA;
}
